
Microsoft Visual Studio Solution File, Format Version 12.00
# Visual Studio Version 17
VisualStudioVersion = 17.9.34701.34
MinimumVisualStudioVersion = 10.0.40219.1
Project("{FAE04EC0-301F-11D3-BF4B-00C04F79EFBC}") = "MatchGame", "MatchGame\MatchGame.csproj", "{5C7F9774-4C33-42F7-A60C-42295E0E4626}"
EndProject
Global
	GlobalSection(SolutionConfigurationPlatforms) = preSolution
		Debug|Any CPU = Debug|Any CPU
		Release|Any CPU = Release|Any CPU
	EndGlobalSection
	GlobalSection(ProjectConfigurationPlatforms) = postSolution
		{5C7F9774-4C33-42F7-A60C-42295E0E4626}.Debug|Any CPU.ActiveCfg = Debug|Any CPU
		{5C7F9774-4C33-42F7-A60C-42295E0E4626}.Debug|Any CPU.Build.0 = Debug|Any CPU
		{5C7F9774-4C33-42F7-A60C-42295E0E4626}.Release|Any CPU.ActiveCfg = Release|Any CPU
		{5C7F9774-4C33-42F7-A60C-42295E0E4626}.Release|Any CPU.Build.0 = Release|Any CPU
	EndGlobalSection
	GlobalSection(SolutionProperties) = preSolution
		HideSolutionNode = FALSE
	EndGlobalSection
	GlobalSection(ExtensibilityGlobals) = postSolution
		SolutionGuid = {60249594-DDF2-43BE-8B9D-AABDFB2636A7}
	EndGlobalSection
EndGlobal
